
Microsoft Visual Studio Solution File, Format Version 12.00
# Visual Studio 14
VisualStudioVersion = 14.0.25420.1
MinimumVisualStudioVersion = 10.0.40219.1
Project("{FAE04EC0-301F-11D3-BF4B-00C04F79EFBC}") = "MVApp.Droid", "MVApp\MVApp.Droid\MVApp.Droid.csproj", "{24B49E66-BBB5-4F3D-AB18-691131BF1BA1}"
EndProject
Project("{FAE04EC0-301F-11D3-BF4B-00C04F79EFBC}") = "MVApp.iOS", "MVApp\MVApp.iOS\MVApp.iOS.csproj", "{7EAB2B2B-464A-4520-8E6C-30E827F99CB9}"
EndProject
Project("{FAE04EC0-301F-11D3-BF4B-00C04F79EFBC}") = "MVApp.WinPhone", "MVApp\MVApp.WinPhone\MVApp.WinPhone.csproj", "{411F20C9-1767-4A9A-BC5F-5AF1C2D7CD13}"
EndProject
Project("{FAE04EC0-301F-11D3-BF4B-00C04F79EFBC}") = "MVApp.Windows", "MVApp\MVApp.Windows\MVApp.Windows.csproj", "{823FFF4C-A2FD-4816-9094-25A65ECF32D5}"
EndProject
Project("{FAE04EC0-301F-11D3-BF4B-00C04F79EFBC}") = "MVApp", "MVApp\MVApp\MVApp.csproj", "{BC63B60D-855C-444B-AFD7-3B75AB7676B6}"
EndProject
Global
	GlobalSection(SolutionConfigurationPlatforms) = preSolution
		Ad-Hoc|Any CPU = Ad-Hoc|Any CPU
		Ad-Hoc|ARM = Ad-Hoc|ARM
		Ad-Hoc|iPhone = Ad-Hoc|iPhone
		Ad-Hoc|iPhoneSimulator = Ad-Hoc|iPhoneSimulator
		Ad-Hoc|x64 = Ad-Hoc|x64
		Ad-Hoc|x86 = Ad-Hoc|x86
		AppStore|Any CPU = AppStore|Any CPU
		AppStore|ARM = AppStore|ARM
		AppStore|iPhone = AppStore|iPhone
		AppStore|iPhoneSimulator = AppStore|iPhoneSimulator
		AppStore|x64 = AppStore|x64
		AppStore|x86 = AppStore|x86
		Debug|Any CPU = Debug|Any CPU
		Debug|ARM = Debug|ARM
		Debug|iPhone = Debug|iPhone
		Debug|iPhoneSimulator = Debug|iPhoneSimulator
		Debug|x64 = Debug|x64
		Debug|x86 = Debug|x86
		Release|Any CPU = Release|Any CPU
		Release|ARM = Release|ARM
		Release|iPhone = Release|iPhone
		Release|iPhoneSimulator = Release|iPhoneSimulator
		Release|x64 = Release|x64
		Release|x86 = Release|x86
	EndGlobalSection
	GlobalSection(ProjectConfigurationPlatforms) = postSolution
		{24B49E66-BBB5-4F3D-AB18-691131BF1BA1}.Ad-Hoc|Any CPU.ActiveCfg = Release|Any CPU
		{24B49E66-BBB5-4F3D-AB18-691131BF1BA1}.Ad-Hoc|Any CPU.Build.0 = Release|Any CPU
		{24B49E66-BBB5-4F3D-AB18-691131BF1BA1}.Ad-Hoc|Any CPU.Deploy.0 = Release|Any CPU
		{24B49E66-BBB5-4F3D-AB18-691131BF1BA1}.Ad-Hoc|ARM.ActiveCfg = Release|Any CPU
		{24B49E66-BBB5-4F3D-AB18-691131BF1BA1}.Ad-Hoc|ARM.Build.0 = Release|Any CPU
		{24B49E66-BBB5-4F3D-AB18-691131BF1BA1}.Ad-Hoc|ARM.Deploy.0 = Release|Any CPU
		{24B49E66-BBB5-4F3D-AB18-691131BF1BA1}.Ad-Hoc|iPhone.ActiveCfg = Release|Any CPU
		{24B49E66-BBB5-4F3D-AB18-691131BF1BA1}.Ad-Hoc|iPhone.Build.0 = Release|Any CPU
		{24B49E66-BBB5-4F3D-AB18-691131BF1BA1}.Ad-Hoc|iPhone.Deploy.0 = Release|Any CPU
		{24B49E66-BBB5-4F3D-AB18-691131BF1BA1}.Ad-Hoc|iPhoneSimulator.ActiveCfg = Release|Any CPU
		{24B49E66-BBB5-4F3D-AB18-691131BF1BA1}.Ad-Hoc|iPhoneSimulator.Build.0 = Release|Any CPU
		{24B49E66-BBB5-4F3D-AB18-691131BF1BA1}.Ad-Hoc|iPhoneSimulator.Deploy.0 = Release|Any CPU
		{24B49E66-BBB5-4F3D-AB18-691131BF1BA1}.Ad-Hoc|x64.ActiveCfg = Release|Any CPU
		{24B49E66-BBB5-4F3D-AB18-691131BF1BA1}.Ad-Hoc|x64.Build.0 = Release|Any CPU
		{24B49E66-BBB5-4F3D-AB18-691131BF1BA1}.Ad-Hoc|x64.Deploy.0 = Release|Any CPU
		{24B49E66-BBB5-4F3D-AB18-691131BF1BA1}.Ad-Hoc|x86.ActiveCfg = Release|Any CPU
		{24B49E66-BBB5-4F3D-AB18-691131BF1BA1}.Ad-Hoc|x86.Build.0 = Release|Any CPU
		{24B49E66-BBB5-4F3D-AB18-691131BF1BA1}.Ad-Hoc|x86.Deploy.0 = Release|Any CPU
		{24B49E66-BBB5-4F3D-AB18-691131BF1BA1}.AppStore|Any CPU.ActiveCfg = Release|Any CPU
		{24B49E66-BBB5-4F3D-AB18-691131BF1BA1}.AppStore|Any CPU.Build.0 = Release|Any CPU
		{24B49E66-BBB5-4F3D-AB18-691131BF1BA1}.AppStore|Any CPU.Deploy.0 = Release|Any CPU
		{24B49E66-BBB5-4F3D-AB18-691131BF1BA1}.AppStore|ARM.ActiveCfg = Release|Any CPU
		{24B49E66-BBB5-4F3D-AB18-691131BF1BA1}.AppStore|ARM.Build.0 = Release|Any CPU
		{24B49E66-BBB5-4F3D-AB18-691131BF1BA1}.AppStore|ARM.Deploy.0 = Release|Any CPU
		{24B49E66-BBB5-4F3D-AB18-691131BF1BA1}.AppStore|iPhone.ActiveCfg = Release|Any CPU
		{24B49E66-BBB5-4F3D-AB18-691131BF1BA1}.AppStore|iPhone.Build.0 = Release|Any CPU
		{24B49E66-BBB5-4F3D-AB18-691131BF1BA1}.AppStore|iPhone.Deploy.0 = Release|Any CPU
		{24B49E66-BBB5-4F3D-AB18-691131BF1BA1}.AppStore|iPhoneSimulator.ActiveCfg = Release|Any CPU
		{24B49E66-BBB5-4F3D-AB18-691131BF1BA1}.AppStore|iPhoneSimulator.Build.0 = Release|Any CPU
		{24B49E66-BBB5-4F3D-AB18-691131BF1BA1}.AppStore|iPhoneSimulator.Deploy.0 = Release|Any CPU
		{24B49E66-BBB5-4F3D-AB18-691131BF1BA1}.AppStore|x64.ActiveCfg = Release|Any CPU
		{24B49E66-BBB5-4F3D-AB18-691131BF1BA1}.AppStore|x64.Build.0 = Release|Any CPU
		{24B49E66-BBB5-4F3D-AB18-691131BF1BA1}.AppStore|x64.Deploy.0 = Release|Any CPU
		{24B49E66-BBB5-4F3D-AB18-691131BF1BA1}.AppStore|x86.ActiveCfg = Release|Any CPU
		{24B49E66-BBB5-4F3D-AB18-691131BF1BA1}.AppStore|x86.Build.0 = Release|Any CPU
		{24B49E66-BBB5-4F3D-AB18-691131BF1BA1}.AppStore|x86.Deploy.0 = Release|Any CPU
		{24B49E66-BBB5-4F3D-AB18-691131BF1BA1}.Debug|Any CPU.ActiveCfg = Debug|Any CPU
		{24B49E66-BBB5-4F3D-AB18-691131BF1BA1}.Debug|Any CPU.Build.0 = Debug|Any CPU
		{24B49E66-BBB5-4F3D-AB18-691131BF1BA1}.Debug|Any CPU.Deploy.0 = Debug|Any CPU
		{24B49E66-BBB5-4F3D-AB18-691131BF1BA1}.Debug|ARM.ActiveCfg = Debug|Any CPU
		{24B49E66-BBB5-4F3D-AB18-691131BF1BA1}.Debug|ARM.Build.0 = Debug|Any CPU
		{24B49E66-BBB5-4F3D-AB18-691131BF1BA1}.Debug|ARM.Deploy.0 = Debug|Any CPU
		{24B49E66-BBB5-4F3D-AB18-691131BF1BA1}.Debug|iPhone.ActiveCfg = Debug|Any CPU
		{24B49E66-BBB5-4F3D-AB18-691131BF1BA1}.Debug|iPhone.Build.0 = Debug|Any CPU
		{24B49E66-BBB5-4F3D-AB18-691131BF1BA1}.Debug|iPhone.Deploy.0 = Debug|Any CPU
		{24B49E66-BBB5-4F3D-AB18-691131BF1BA1}.Debug|iPhoneSimulator.ActiveCfg = Debug|Any CPU
		{24B49E66-BBB5-4F3D-AB18-691131BF1BA1}.Debug|iPhoneSimulator.Build.0 = Debug|Any CPU
		{24B49E66-BBB5-4F3D-AB18-691131BF1BA1}.Debug|iPhoneSimulator.Deploy.0 = Debug|Any CPU
		{24B49E66-BBB5-4F3D-AB18-691131BF1BA1}.Debug|x64.ActiveCfg = Debug|Any CPU
		{24B49E66-BBB5-4F3D-AB18-691131BF1BA1}.Debug|x64.Build.0 = Debug|Any CPU
		{24B49E66-BBB5-4F3D-AB18-691131BF1BA1}.Debug|x64.Deploy.0 = Debug|Any CPU
		{24B49E66-BBB5-4F3D-AB18-691131BF1BA1}.Debug|x86.ActiveCfg = Debug|Any CPU
		{24B49E66-BBB5-4F3D-AB18-691131BF1BA1}.Debug|x86.Build.0 = Debug|Any CPU
		{24B49E66-BBB5-4F3D-AB18-691131BF1BA1}.Debug|x86.Deploy.0 = Debug|Any CPU
		{24B49E66-BBB5-4F3D-AB18-691131BF1BA1}.Release|Any CPU.ActiveCfg = Release|Any CPU
		{24B49E66-BBB5-4F3D-AB18-691131BF1BA1}.Release|Any CPU.Build.0 = Release|Any CPU
		{24B49E66-BBB5-4F3D-AB18-691131BF1BA1}.Release|Any CPU.Deploy.0 = Release|Any CPU
		{24B49E66-BBB5-4F3D-AB18-691131BF1BA1}.Release|ARM.ActiveCfg = Release|Any CPU
		{24B49E66-BBB5-4F3D-AB18-691131BF1BA1}.Release|ARM.Build.0 = Release|Any CPU
		{24B49E66-BBB5-4F3D-AB18-691131BF1BA1}.Release|ARM.Deploy.0 = Release|Any CPU
		{24B49E66-BBB5-4F3D-AB18-691131BF1BA1}.Release|iPhone.ActiveCfg = Release|Any CPU
		{24B49E66-BBB5-4F3D-AB18-691131BF1BA1}.Release|iPhone.Build.0 = Release|Any CPU
		{24B49E66-BBB5-4F3D-AB18-691131BF1BA1}.Release|iPhone.Deploy.0 = Release|Any CPU
		{24B49E66-BBB5-4F3D-AB18-691131BF1BA1}.Release|iPhoneSimulator.ActiveCfg = Release|Any CPU
		{24B49E66-BBB5-4F3D-AB18-691131BF1BA1}.Release|iPhoneSimulator.Build.0 = Release|Any CPU
		{24B49E66-BBB5-4F3D-AB18-691131BF1BA1}.Release|iPhoneSimulator.Deploy.0 = Release|Any CPU
		{24B49E66-BBB5-4F3D-AB18-691131BF1BA1}.Release|x64.ActiveCfg = Release|Any CPU
		{24B49E66-BBB5-4F3D-AB18-691131BF1BA1}.Release|x64.Build.0 = Release|Any CPU
		{24B49E66-BBB5-4F3D-AB18-691131BF1BA1}.Release|x64.Deploy.0 = Release|Any CPU
		{24B49E66-BBB5-4F3D-AB18-691131BF1BA1}.Release|x86.ActiveCfg = Release|Any CPU
		{24B49E66-BBB5-4F3D-AB18-691131BF1BA1}.Release|x86.Build.0 = Release|Any CPU
		{24B49E66-BBB5-4F3D-AB18-691131BF1BA1}.Release|x86.Deploy.0 = Release|Any CPU
		{7EAB2B2B-464A-4520-8E6C-30E827F99CB9}.Ad-Hoc|Any CPU.ActiveCfg = Ad-Hoc|iPhone
		{7EAB2B2B-464A-4520-8E6C-30E827F99CB9}.Ad-Hoc|ARM.ActiveCfg = Ad-Hoc|iPhone
		{7EAB2B2B-464A-4520-8E6C-30E827F99CB9}.Ad-Hoc|iPhone.ActiveCfg = Ad-Hoc|iPhone
		{7EAB2B2B-464A-4520-8E6C-30E827F99CB9}.Ad-Hoc|iPhone.Build.0 = Ad-Hoc|iPhone
		{7EAB2B2B-464A-4520-8E6C-30E827F99CB9}.Ad-Hoc|iPhoneSimulator.ActiveCfg = Ad-Hoc|iPhoneSimulator
		{7EAB2B2B-464A-4520-8E6C-30E827F99CB9}.Ad-Hoc|iPhoneSimulator.Build.0 = Ad-Hoc|iPhoneSimulator
		{7EAB2B2B-464A-4520-8E6C-30E827F99CB9}.Ad-Hoc|x64.ActiveCfg = Ad-Hoc|iPhone
		{7EAB2B2B-464A-4520-8E6C-30E827F99CB9}.Ad-Hoc|x86.ActiveCfg = Ad-Hoc|iPhone
		{7EAB2B2B-464A-4520-8E6C-30E827F99CB9}.AppStore|Any CPU.ActiveCfg = AppStore|iPhone
		{7EAB2B2B-464A-4520-8E6C-30E827F99CB9}.AppStore|ARM.ActiveCfg = AppStore|iPhone
		{7EAB2B2B-464A-4520-8E6C-30E827F99CB9}.AppStore|iPhone.ActiveCfg = AppStore|iPhone
		{7EAB2B2B-464A-4520-8E6C-30E827F99CB9}.AppStore|iPhone.Build.0 = AppStore|iPhone
		{7EAB2B2B-464A-4520-8E6C-30E827F99CB9}.AppStore|iPhoneSimulator.ActiveCfg = AppStore|iPhoneSimulator
		{7EAB2B2B-464A-4520-8E6C-30E827F99CB9}.AppStore|iPhoneSimulator.Build.0 = AppStore|iPhoneSimulator
		{7EAB2B2B-464A-4520-8E6C-30E827F99CB9}.AppStore|x64.ActiveCfg = AppStore|iPhone
		{7EAB2B2B-464A-4520-8E6C-30E827F99CB9}.AppStore|x86.ActiveCfg = AppStore|iPhone
		{7EAB2B2B-464A-4520-8E6C-30E827F99CB9}.Debug|Any CPU.ActiveCfg = Debug|iPhone
		{7EAB2B2B-464A-4520-8E6C-30E827F99CB9}.Debug|ARM.ActiveCfg = Debug|iPhone
		{7EAB2B2B-464A-4520-8E6C-30E827F99CB9}.Debug|iPhone.ActiveCfg = Debug|iPhone
		{7EAB2B2B-464A-4520-8E6C-30E827F99CB9}.Debug|iPhone.Build.0 = Debug|iPhone
		{7EAB2B2B-464A-4520-8E6C-30E827F99CB9}.Debug|iPhoneSimulator.ActiveCfg = Debug|iPhoneSimulator
		{7EAB2B2B-464A-4520-8E6C-30E827F99CB9}.Debug|iPhoneSimulator.Build.0 = Debug|iPhoneSimulator
		{7EAB2B2B-464A-4520-8E6C-30E827F99CB9}.Debug|x64.ActiveCfg = Debug|iPhone
		{7EAB2B2B-464A-4520-8E6C-30E827F99CB9}.Debug|x86.ActiveCfg = Debug|iPhone
		{7EAB2B2B-464A-4520-8E6C-30E827F99CB9}.Release|Any CPU.ActiveCfg = Release|iPhone
		{7EAB2B2B-464A-4520-8E6C-30E827F99CB9}.Release|ARM.ActiveCfg = Release|iPhone
		{7EAB2B2B-464A-4520-8E6C-30E827F99CB9}.Release|iPhone.ActiveCfg = Release|iPhone
		{7EAB2B2B-464A-4520-8E6C-30E827F99CB9}.Release|iPhone.Build.0 = Release|iPhone
		{7EAB2B2B-464A-4520-8E6C-30E827F99CB9}.Release|iPhoneSimulator.ActiveCfg = Release|iPhoneSimulator
		{7EAB2B2B-464A-4520-8E6C-30E827F99CB9}.Release|iPhoneSimulator.Build.0 = Release|iPhoneSimulator
		{7EAB2B2B-464A-4520-8E6C-30E827F99CB9}.Release|x64.ActiveCfg = Release|iPhone
		{7EAB2B2B-464A-4520-8E6C-30E827F99CB9}.Release|x86.ActiveCfg = Release|iPhone
		{411F20C9-1767-4A9A-BC5F-5AF1C2D7CD13}.Ad-Hoc|Any CPU.ActiveCfg = Release|Any CPU
		{411F20C9-1767-4A9A-BC5F-5AF1C2D7CD13}.Ad-Hoc|Any CPU.Build.0 = Release|Any CPU
		{411F20C9-1767-4A9A-BC5F-5AF1C2D7CD13}.Ad-Hoc|Any CPU.Deploy.0 = Release|Any CPU
		{411F20C9-1767-4A9A-BC5F-5AF1C2D7CD13}.Ad-Hoc|ARM.ActiveCfg = Release|ARM
		{411F20C9-1767-4A9A-BC5F-5AF1C2D7CD13}.Ad-Hoc|ARM.Build.0 = Release|ARM
		{411F20C9-1767-4A9A-BC5F-5AF1C2D7CD13}.Ad-Hoc|ARM.Deploy.0 = Release|ARM
		{411F20C9-1767-4A9A-BC5F-5AF1C2D7CD13}.Ad-Hoc|iPhone.ActiveCfg = Release|Any CPU
		{411F20C9-1767-4A9A-BC5F-5AF1C2D7CD13}.Ad-Hoc|iPhone.Build.0 = Release|Any CPU
		{411F20C9-1767-4A9A-BC5F-5AF1C2D7CD13}.Ad-Hoc|iPhone.Deploy.0 = Release|Any CPU
		{411F20C9-1767-4A9A-BC5F-5AF1C2D7CD13}.Ad-Hoc|iPhoneSimulator.ActiveCfg = Release|Any CPU
		{411F20C9-1767-4A9A-BC5F-5AF1C2D7CD13}.Ad-Hoc|iPhoneSimulator.Build.0 = Release|Any CPU
		{411F20C9-1767-4A9A-BC5F-5AF1C2D7CD13}.Ad-Hoc|iPhoneSimulator.Deploy.0 = Release|Any CPU
		{411F20C9-1767-4A9A-BC5F-5AF1C2D7CD13}.Ad-Hoc|x64.ActiveCfg = Release|Any CPU
		{411F20C9-1767-4A9A-BC5F-5AF1C2D7CD13}.Ad-Hoc|x64.Build.0 = Release|Any CPU
		{411F20C9-1767-4A9A-BC5F-5AF1C2D7CD13}.Ad-Hoc|x64.Deploy.0 = Release|Any CPU
		{411F20C9-1767-4A9A-BC5F-5AF1C2D7CD13}.Ad-Hoc|x86.ActiveCfg = Release|x86
		{411F20C9-1767-4A9A-BC5F-5AF1C2D7CD13}.Ad-Hoc|x86.Build.0 = Release|x86
		{411F20C9-1767-4A9A-BC5F-5AF1C2D7CD13}.Ad-Hoc|x86.Deploy.0 = Release|x86
		{411F20C9-1767-4A9A-BC5F-5AF1C2D7CD13}.AppStore|Any CPU.ActiveCfg = Release|Any CPU
		{411F20C9-1767-4A9A-BC5F-5AF1C2D7CD13}.AppStore|Any CPU.Build.0 = Release|Any CPU
		{411F20C9-1767-4A9A-BC5F-5AF1C2D7CD13}.AppStore|Any CPU.Deploy.0 = Release|Any CPU
		{411F20C9-1767-4A9A-BC5F-5AF1C2D7CD13}.AppStore|ARM.ActiveCfg = Release|ARM
		{411F20C9-1767-4A9A-BC5F-5AF1C2D7CD13}.AppStore|ARM.Build.0 = Release|ARM
		{411F20C9-1767-4A9A-BC5F-5AF1C2D7CD13}.AppStore|ARM.Deploy.0 = Release|ARM
		{411F20C9-1767-4A9A-BC5F-5AF1C2D7CD13}.AppStore|iPhone.ActiveCfg = Release|Any CPU
		{411F20C9-1767-4A9A-BC5F-5AF1C2D7CD13}.AppStore|iPhone.Build.0 = Release|Any CPU
		{411F20C9-1767-4A9A-BC5F-5AF1C2D7CD13}.AppStore|iPhone.Deploy.0 = Release|Any CPU
		{411F20C9-1767-4A9A-BC5F-5AF1C2D7CD13}.AppStore|iPhoneSimulator.ActiveCfg = Release|Any CPU
		{411F20C9-1767-4A9A-BC5F-5AF1C2D7CD13}.AppStore|iPhoneSimulator.Build.0 = Release|Any CPU
		{411F20C9-1767-4A9A-BC5F-5AF1C2D7CD13}.AppStore|iPhoneSimulator.Deploy.0 = Release|Any CPU
		{411F20C9-1767-4A9A-BC5F-5AF1C2D7CD13}.AppStore|x64.ActiveCfg = Release|Any CPU
		{411F20C9-1767-4A9A-BC5F-5AF1C2D7CD13}.AppStore|x64.Build.0 = Release|Any CPU
		{411F20C9-1767-4A9A-BC5F-5AF1C2D7CD13}.AppStore|x64.Deploy.0 = Release|Any CPU
		{411F20C9-1767-4A9A-BC5F-5AF1C2D7CD13}.AppStore|x86.ActiveCfg = Release|x86
		{411F20C9-1767-4A9A-BC5F-5AF1C2D7CD13}.AppStore|x86.Build.0 = Release|x86
		{411F20C9-1767-4A9A-BC5F-5AF1C2D7CD13}.AppStore|x86.Deploy.0 = Release|x86
		{411F20C9-1767-4A9A-BC5F-5AF1C2D7CD13}.Debug|Any CPU.ActiveCfg = Debug|Any CPU
		{411F20C9-1767-4A9A-BC5F-5AF1C2D7CD13}.Debug|Any CPU.Build.0 = Debug|Any CPU
		{411F20C9-1767-4A9A-BC5F-5AF1C2D7CD13}.Debug|Any CPU.Deploy.0 = Debug|Any CPU
		{411F20C9-1767-4A9A-BC5F-5AF1C2D7CD13}.Debug|ARM.ActiveCfg = Debug|ARM
		{411F20C9-1767-4A9A-BC5F-5AF1C2D7CD13}.Debug|ARM.Build.0 = Debug|ARM
		{411F20C9-1767-4A9A-BC5F-5AF1C2D7CD13}.Debug|ARM.Deploy.0 = Debug|ARM
		{411F20C9-1767-4A9A-BC5F-5AF1C2D7CD13}.Debug|iPhone.ActiveCfg = Debug|Any CPU
		{411F20C9-1767-4A9A-BC5F-5AF1C2D7CD13}.Debug|iPhone.Build.0 = Debug|Any CPU
		{411F20C9-1767-4A9A-BC5F-5AF1C2D7CD13}.Debug|iPhone.Deploy.0 = Debug|Any CPU
		{411F20C9-1767-4A9A-BC5F-5AF1C2D7CD13}.Debug|iPhoneSimulator.ActiveCfg = Debug|Any CPU
		{411F20C9-1767-4A9A-BC5F-5AF1C2D7CD13}.Debug|iPhoneSimulator.Build.0 = Debug|Any CPU
		{411F20C9-1767-4A9A-BC5F-5AF1C2D7CD13}.Debug|iPhoneSimulator.Deploy.0 = Debug|Any CPU
		{411F20C9-1767-4A9A-BC5F-5AF1C2D7CD13}.Debug|x64.ActiveCfg = Debug|Any CPU
		{411F20C9-1767-4A9A-BC5F-5AF1C2D7CD13}.Debug|x64.Build.0 = Debug|Any CPU
		{411F20C9-1767-4A9A-BC5F-5AF1C2D7CD13}.Debug|x64.Deploy.0 = Debug|Any CPU
		{411F20C9-1767-4A9A-BC5F-5AF1C2D7CD13}.Debug|x86.ActiveCfg = Debug|x86
		{411F20C9-1767-4A9A-BC5F-5AF1C2D7CD13}.Debug|x86.Build.0 = Debug|x86
		{411F20C9-1767-4A9A-BC5F-5AF1C2D7CD13}.Debug|x86.Deploy.0 = Debug|x86
		{411F20C9-1767-4A9A-BC5F-5AF1C2D7CD13}.Release|Any CPU.ActiveCfg = Release|Any CPU
		{411F20C9-1767-4A9A-BC5F-5AF1C2D7CD13}.Release|Any CPU.Build.0 = Release|Any CPU
		{411F20C9-1767-4A9A-BC5F-5AF1C2D7CD13}.Release|Any CPU.Deploy.0 = Release|Any CPU
		{411F20C9-1767-4A9A-BC5F-5AF1C2D7CD13}.Release|ARM.ActiveCfg = Release|ARM
		{411F20C9-1767-4A9A-BC5F-5AF1C2D7CD13}.Release|ARM.Build.0 = Release|ARM
		{411F20C9-1767-4A9A-BC5F-5AF1C2D7CD13}.Release|ARM.Deploy.0 = Release|ARM
		{411F20C9-1767-4A9A-BC5F-5AF1C2D7CD13}.Release|iPhone.ActiveCfg = Release|Any CPU
		{411F20C9-1767-4A9A-BC5F-5AF1C2D7CD13}.Release|iPhone.Build.0 = Release|Any CPU
		{411F20C9-1767-4A9A-BC5F-5AF1C2D7CD13}.Release|iPhone.Deploy.0 = Release|Any CPU
		{411F20C9-1767-4A9A-BC5F-5AF1C2D7CD13}.Release|iPhoneSimulator.ActiveCfg = Release|Any CPU
		{411F20C9-1767-4A9A-BC5F-5AF1C2D7CD13}.Release|iPhoneSimulator.Build.0 = Release|Any CPU
		{411F20C9-1767-4A9A-BC5F-5AF1C2D7CD13}.Release|iPhoneSimulator.Deploy.0 = Release|Any CPU
		{411F20C9-1767-4A9A-BC5F-5AF1C2D7CD13}.Release|x64.ActiveCfg = Release|Any CPU
		{411F20C9-1767-4A9A-BC5F-5AF1C2D7CD13}.Release|x64.Build.0 = Release|Any CPU
		{411F20C9-1767-4A9A-BC5F-5AF1C2D7CD13}.Release|x64.Deploy.0 = Release|Any CPU
		{411F20C9-1767-4A9A-BC5F-5AF1C2D7CD13}.Release|x86.ActiveCfg = Release|x86
		{411F20C9-1767-4A9A-BC5F-5AF1C2D7CD13}.Release|x86.Build.0 = Release|x86
		{411F20C9-1767-4A9A-BC5F-5AF1C2D7CD13}.Release|x86.Deploy.0 = Release|x86
		{823FFF4C-A2FD-4816-9094-25A65ECF32D5}.Ad-Hoc|Any CPU.ActiveCfg = Release|Any CPU
		{823FFF4C-A2FD-4816-9094-25A65ECF32D5}.Ad-Hoc|Any CPU.Build.0 = Release|Any CPU
		{823FFF4C-A2FD-4816-9094-25A65ECF32D5}.Ad-Hoc|Any CPU.Deploy.0 = Release|Any CPU
		{823FFF4C-A2FD-4816-9094-25A65ECF32D5}.Ad-Hoc|ARM.ActiveCfg = Release|ARM
		{823FFF4C-A2FD-4816-9094-25A65ECF32D5}.Ad-Hoc|ARM.Build.0 = Release|ARM
		{823FFF4C-A2FD-4816-9094-25A65ECF32D5}.Ad-Hoc|ARM.Deploy.0 = Release|ARM
		{823FFF4C-A2FD-4816-9094-25A65ECF32D5}.Ad-Hoc|iPhone.ActiveCfg = Release|Any CPU
		{823FFF4C-A2FD-4816-9094-25A65ECF32D5}.Ad-Hoc|iPhone.Build.0 = Release|Any CPU
		{823FFF4C-A2FD-4816-9094-25A65ECF32D5}.Ad-Hoc|iPhone.Deploy.0 = Release|Any CPU
		{823FFF4C-A2FD-4816-9094-25A65ECF32D5}.Ad-Hoc|iPhoneSimulator.ActiveCfg = Release|Any CPU
		{823FFF4C-A2FD-4816-9094-25A65ECF32D5}.Ad-Hoc|iPhoneSimulator.Build.0 = Release|Any CPU
		{823FFF4C-A2FD-4816-9094-25A65ECF32D5}.Ad-Hoc|iPhoneSimulator.Deploy.0 = Release|Any CPU
		{823FFF4C-A2FD-4816-9094-25A65ECF32D5}.Ad-Hoc|x64.ActiveCfg = Release|x64
		{823FFF4C-A2FD-4816-9094-25A65ECF32D5}.Ad-Hoc|x64.Build.0 = Release|x64
		{823FFF4C-A2FD-4816-9094-25A65ECF32D5}.Ad-Hoc|x64.Deploy.0 = Release|x64
		{823FFF4C-A2FD-4816-9094-25A65ECF32D5}.Ad-Hoc|x86.ActiveCfg = Release|x86
		{823FFF4C-A2FD-4816-9094-25A65ECF32D5}.Ad-Hoc|x86.Build.0 = Release|x86
		{823FFF4C-A2FD-4816-9094-25A65ECF32D5}.Ad-Hoc|x86.Deploy.0 = Release|x86
		{823FFF4C-A2FD-4816-9094-25A65ECF32D5}.AppStore|Any CPU.ActiveCfg = Release|Any CPU
		{823FFF4C-A2FD-4816-9094-25A65ECF32D5}.AppStore|Any CPU.Build.0 = Release|Any CPU
		{823FFF4C-A2FD-4816-9094-25A65ECF32D5}.AppStore|Any CPU.Deploy.0 = Release|Any CPU
		{823FFF4C-A2FD-4816-9094-25A65ECF32D5}.AppStore|ARM.ActiveCfg = Release|ARM
		{823FFF4C-A2FD-4816-9094-25A65ECF32D5}.AppStore|ARM.Build.0 = Release|ARM
		{823FFF4C-A2FD-4816-9094-25A65ECF32D5}.AppStore|ARM.Deploy.0 = Release|ARM
		{823FFF4C-A2FD-4816-9094-25A65ECF32D5}.AppStore|iPhone.ActiveCfg = Release|Any CPU
		{823FFF4C-A2FD-4816-9094-25A65ECF32D5}.AppStore|iPhone.Build.0 = Release|Any CPU
		{823FFF4C-A2FD-4816-9094-25A65ECF32D5}.AppStore|iPhone.Deploy.0 = Release|Any CPU
		{823FFF4C-A2FD-4816-9094-25A65ECF32D5}.AppStore|iPhoneSimulator.ActiveCfg = Release|Any CPU
		{823FFF4C-A2FD-4816-9094-25A65ECF32D5}.AppStore|iPhoneSimulator.Build.0 = Release|Any CPU
		{823FFF4C-A2FD-4816-9094-25A65ECF32D5}.AppStore|iPhoneSimulator.Deploy.0 = Release|Any CPU
		{823FFF4C-A2FD-4816-9094-25A65ECF32D5}.AppStore|x64.ActiveCfg = Release|x64
		{823FFF4C-A2FD-4816-9094-25A65ECF32D5}.AppStore|x64.Build.0 = Release|x64
		{823FFF4C-A2FD-4816-9094-25A65ECF32D5}.AppStore|x64.Deploy.0 = Release|x64
		{823FFF4C-A2FD-4816-9094-25A65ECF32D5}.AppStore|x86.ActiveCfg = Release|x86
		{823FFF4C-A2FD-4816-9094-25A65ECF32D5}.AppStore|x86.Build.0 = Release|x86
		{823FFF4C-A2FD-4816-9094-25A65ECF32D5}.AppStore|x86.Deploy.0 = Release|x86
		{823FFF4C-A2FD-4816-9094-25A65ECF32D5}.Debug|Any CPU.ActiveCfg = Debug|Any CPU
		{823FFF4C-A2FD-4816-9094-25A65ECF32D5}.Debug|Any CPU.Build.0 = Debug|Any CPU
		{823FFF4C-A2FD-4816-9094-25A65ECF32D5}.Debug|Any CPU.Deploy.0 = Debug|Any CPU
		{823FFF4C-A2FD-4816-9094-25A65ECF32D5}.Debug|ARM.ActiveCfg = Debug|ARM
		{823FFF4C-A2FD-4816-9094-25A65ECF32D5}.Debug|ARM.Build.0 = Debug|ARM
		{823FFF4C-A2FD-4816-9094-25A65ECF32D5}.Debug|ARM.Deploy.0 = Debug|ARM
		{823FFF4C-A2FD-4816-9094-25A65ECF32D5}.Debug|iPhone.ActiveCfg = Debug|Any CPU
		{823FFF4C-A2FD-4816-9094-25A65ECF32D5}.Debug|iPhone.Build.0 = Debug|Any CPU
		{823FFF4C-A2FD-4816-9094-25A65ECF32D5}.Debug|iPhone.Deploy.0 = Debug|Any CPU
		{823FFF4C-A2FD-4816-9094-25A65ECF32D5}.Debug|iPhoneSimulator.ActiveCfg = Debug|Any CPU
		{823FFF4C-A2FD-4816-9094-25A65ECF32D5}.Debug|iPhoneSimulator.Build.0 = Debug|Any CPU
		{823FFF4C-A2FD-4816-9094-25A65ECF32D5}.Debug|iPhoneSimulator.Deploy.0 = Debug|Any CPU
		{823FFF4C-A2FD-4816-9094-25A65ECF32D5}.Debug|x64.ActiveCfg = Debug|x64
		{823FFF4C-A2FD-4816-9094-25A65ECF32D5}.Debug|x64.Build.0 = Debug|x64
		{823FFF4C-A2FD-4816-9094-25A65ECF32D5}.Debug|x64.Deploy.0 = Debug|x64
		{823FFF4C-A2FD-4816-9094-25A65ECF32D5}.Debug|x86.ActiveCfg = Debug|x86
		{823FFF4C-A2FD-4816-9094-25A65ECF32D5}.Debug|x86.Build.0 = Debug|x86
		{823FFF4C-A2FD-4816-9094-25A65ECF32D5}.Debug|x86.Deploy.0 = Debug|x86
		{823FFF4C-A2FD-4816-9094-25A65ECF32D5}.Release|Any CPU.ActiveCfg = Release|Any CPU
		{823FFF4C-A2FD-4816-9094-25A65ECF32D5}.Release|Any CPU.Build.0 = Release|Any CPU
		{823FFF4C-A2FD-4816-9094-25A65ECF32D5}.Release|Any CPU.Deploy.0 = Release|Any CPU
		{823FFF4C-A2FD-4816-9094-25A65ECF32D5}.Release|ARM.ActiveCfg = Release|ARM
		{823FFF4C-A2FD-4816-9094-25A65ECF32D5}.Release|ARM.Build.0 = Release|ARM
		{823FFF4C-A2FD-4816-9094-25A65ECF32D5}.Release|ARM.Deploy.0 = Release|ARM
		{823FFF4C-A2FD-4816-9094-25A65ECF32D5}.Release|iPhone.ActiveCfg = Release|Any CPU
		{823FFF4C-A2FD-4816-9094-25A65ECF32D5}.Release|iPhone.Build.0 = Release|Any CPU
		{823FFF4C-A2FD-4816-9094-25A65ECF32D5}.Release|iPhone.Deploy.0 = Release|Any CPU
		{823FFF4C-A2FD-4816-9094-25A65ECF32D5}.Release|iPhoneSimulator.ActiveCfg = Release|Any CPU
		{823FFF4C-A2FD-4816-9094-25A65ECF32D5}.Release|iPhoneSimulator.Build.0 = Release|Any CPU
		{823FFF4C-A2FD-4816-9094-25A65ECF32D5}.Release|iPhoneSimulator.Deploy.0 = Release|Any CPU
		{823FFF4C-A2FD-4816-9094-25A65ECF32D5}.Release|x64.ActiveCfg = Release|x64
		{823FFF4C-A2FD-4816-9094-25A65ECF32D5}.Release|x64.Build.0 = Release|x64
		{823FFF4C-A2FD-4816-9094-25A65ECF32D5}.Release|x64.Deploy.0 = Release|x64
		{823FFF4C-A2FD-4816-9094-25A65ECF32D5}.Release|x86.ActiveCfg = Release|x86
		{823FFF4C-A2FD-4816-9094-25A65ECF32D5}.Release|x86.Build.0 = Release|x86
		{823FFF4C-A2FD-4816-9094-25A65ECF32D5}.Release|x86.Deploy.0 = Release|x86
		{BC63B60D-855C-444B-AFD7-3B75AB7676B6}.Ad-Hoc|Any CPU.ActiveCfg = Release|Any CPU
		{BC63B60D-855C-444B-AFD7-3B75AB7676B6}.Ad-Hoc|Any CPU.Build.0 = Release|Any CPU
		{BC63B60D-855C-444B-AFD7-3B75AB7676B6}.Ad-Hoc|ARM.ActiveCfg = Release|Any CPU
		{BC63B60D-855C-444B-AFD7-3B75AB7676B6}.Ad-Hoc|ARM.Build.0 = Release|Any CPU
		{BC63B60D-855C-444B-AFD7-3B75AB7676B6}.Ad-Hoc|iPhone.ActiveCfg = Release|Any CPU
		{BC63B60D-855C-444B-AFD7-3B75AB7676B6}.Ad-Hoc|iPhone.Build.0 = Release|Any CPU
		{BC63B60D-855C-444B-AFD7-3B75AB7676B6}.Ad-Hoc|iPhoneSimulator.ActiveCfg = Release|Any CPU
		{BC63B60D-855C-444B-AFD7-3B75AB7676B6}.Ad-Hoc|iPhoneSimulator.Build.0 = Release|Any CPU
		{BC63B60D-855C-444B-AFD7-3B75AB7676B6}.Ad-Hoc|x64.ActiveCfg = Release|Any CPU
		{BC63B60D-855C-444B-AFD7-3B75AB7676B6}.Ad-Hoc|x64.Build.0 = Release|Any CPU
		{BC63B60D-855C-444B-AFD7-3B75AB7676B6}.Ad-Hoc|x86.ActiveCfg = Release|Any CPU
		{BC63B60D-855C-444B-AFD7-3B75AB7676B6}.Ad-Hoc|x86.Build.0 = Release|Any CPU
		{BC63B60D-855C-444B-AFD7-3B75AB7676B6}.AppStore|Any CPU.ActiveCfg = Release|Any CPU
		{BC63B60D-855C-444B-AFD7-3B75AB7676B6}.AppStore|Any CPU.Build.0 = Release|Any CPU
		{BC63B60D-855C-444B-AFD7-3B75AB7676B6}.AppStore|ARM.ActiveCfg = Release|Any CPU
		{BC63B60D-855C-444B-AFD7-3B75AB7676B6}.AppStore|ARM.Build.0 = Release|Any CPU
		{BC63B60D-855C-444B-AFD7-3B75AB7676B6}.AppStore|iPhone.ActiveCfg = Release|Any CPU
		{BC63B60D-855C-444B-AFD7-3B75AB7676B6}.AppStore|iPhone.Build.0 = Release|Any CPU
		{BC63B60D-855C-444B-AFD7-3B75AB7676B6}.AppStore|iPhoneSimulator.ActiveCfg = Release|Any CPU
		{BC63B60D-855C-444B-AFD7-3B75AB7676B6}.AppStore|iPhoneSimulator.Build.0 = Release|Any CPU
		{BC63B60D-855C-444B-AFD7-3B75AB7676B6}.AppStore|x64.ActiveCfg = Release|Any CPU
		{BC63B60D-855C-444B-AFD7-3B75AB7676B6}.AppStore|x64.Build.0 = Release|Any CPU
		{BC63B60D-855C-444B-AFD7-3B75AB7676B6}.AppStore|x86.ActiveCfg = Release|Any CPU
		{BC63B60D-855C-444B-AFD7-3B75AB7676B6}.AppStore|x86.Build.0 = Release|Any CPU
		{BC63B60D-855C-444B-AFD7-3B75AB7676B6}.Debug|Any CPU.ActiveCfg = Debug|Any CPU
		{BC63B60D-855C-444B-AFD7-3B75AB7676B6}.Debug|Any CPU.Build.0 = Debug|Any CPU
		{BC63B60D-855C-444B-AFD7-3B75AB7676B6}.Debug|ARM.ActiveCfg = Debug|Any CPU
		{BC63B60D-855C-444B-AFD7-3B75AB7676B6}.Debug|ARM.Build.0 = Debug|Any CPU
		{BC63B60D-855C-444B-AFD7-3B75AB7676B6}.Debug|iPhone.ActiveCfg = Debug|Any CPU
		{BC63B60D-855C-444B-AFD7-3B75AB7676B6}.Debug|iPhone.Build.0 = Debug|Any CPU
		{BC63B60D-855C-444B-AFD7-3B75AB7676B6}.Debug|iPhoneSimulator.ActiveCfg = Debug|Any CPU
		{BC63B60D-855C-444B-AFD7-3B75AB7676B6}.Debug|iPhoneSimulator.Build.0 = Debug|Any CPU
		{BC63B60D-855C-444B-AFD7-3B75AB7676B6}.Debug|x64.ActiveCfg = Debug|Any CPU
		{BC63B60D-855C-444B-AFD7-3B75AB7676B6}.Debug|x64.Build.0 = Debug|Any CPU
		{BC63B60D-855C-444B-AFD7-3B75AB7676B6}.Debug|x86.ActiveCfg = Debug|Any CPU
		{BC63B60D-855C-444B-AFD7-3B75AB7676B6}.Debug|x86.Build.0 = Debug|Any CPU
		{BC63B60D-855C-444B-AFD7-3B75AB7676B6}.Release|Any CPU.ActiveCfg = Release|Any CPU
		{BC63B60D-855C-444B-AFD7-3B75AB7676B6}.Release|Any CPU.Build.0 = Release|Any CPU
		{BC63B60D-855C-444B-AFD7-3B75AB7676B6}.Release|ARM.ActiveCfg = Release|Any CPU
		{BC63B60D-855C-444B-AFD7-3B75AB7676B6}.Release|ARM.Build.0 = Release|Any CPU
		{BC63B60D-855C-444B-AFD7-3B75AB7676B6}.Release|iPhone.ActiveCfg = Release|Any CPU
		{BC63B60D-855C-444B-AFD7-3B75AB7676B6}.Release|iPhone.Build.0 = Release|Any CPU
		{BC63B60D-855C-444B-AFD7-3B75AB7676B6}.Release|iPhoneSimulator.ActiveCfg = Release|Any CPU
		{BC63B60D-855C-444B-AFD7-3B75AB7676B6}.Release|iPhoneSimulator.Build.0 = Release|Any CPU
		{BC63B60D-855C-444B-AFD7-3B75AB7676B6}.Release|x64.ActiveCfg = Release|Any CPU
		{BC63B60D-855C-444B-AFD7-3B75AB7676B6}.Release|x64.Build.0 = Release|Any CPU
		{BC63B60D-855C-444B-AFD7-3B75AB7676B6}.Release|x86.ActiveCfg = Release|Any CPU
		{BC63B60D-855C-444B-AFD7-3B75AB7676B6}.Release|x86.Build.0 = Release|Any CPU
	EndGlobalSection
	GlobalSection(SolutionProperties) = preSolution
		HideSolutionNode = FALSE
	EndGlobalSection
EndGlobal
